{
  "name": "polytoria-docs-2",
  "version": "1.0.0",
  "lockfileVersion": 3,
  "requires": true,
  "packages": {
    "": {
      "name": "polytoria-docs-2",
      "version": "1.0.0",
      "license": "MIT",
      "dependencies": {
        "yaml": "^2.8.2"
      }
    },
    "node_modules/yaml": {
      "version": "2.8.3",
      "license": "ISC",
      "bin": {
        "yaml": "bin.mjs"
      },
      "engines": {
        "node": ">= 14.6"
      },
      "funding": {
        "url": "https://github.com/sponsors/eemeli"
      }
    }
  }
}
